{
  "nodes": {
    "advisory-db": {
      "flake": false,
      "locked": {
        "lastModified": 1772690701,
        "narHash": "sha256-FJS6br7hq6OYgAIYWXe1eVpgOD+gs99Jx/wGcIipkiI=",
        "owner": "rustsec",
        "repo": "advisory-db",
        "rev": "8523f5db7427736fa30ac79c2df6d25a5912ea7d",
        "type": "github"
      },
      "original": {
        "owner": "rustsec",
        "repo": "advisory-db",
        "type": "github"
      }
    },
    "crane": {
      "locked": {
        "lastModified": 1772560058,
        "narHash": "sha256-NuVKdMBJldwUXgghYpzIWJdfeB7ccsu1CC7B+NfSoZ8=",
        "owner": "ipetkov",
        "repo": "crane",
        "rev": "db590d9286ed5ce22017541e36132eab4e8b3045",
        "type": "github"
      },
      "original": {
        "owner": "ipetkov",
        "repo": "crane",
        "type": "github"
      }
    },
    "crates-io-index": {
      "flake": false,
      "locked": {
        "lastModified": 1763363725,
        "narHash": "sha256-cxr5xIKZFP45yV1ZHFTB1sHo5YGiR3FA8D9vAfDizMo=",
        "ref": "refs/heads/master",
        "rev": "0382002e816a4cbd17d8d5b172f08b848aa22ff6",
        "shallow": true,
        "type": "git",
        "url": "https://github.com/rust-lang/crates.io-index"
      },
      "original": {
        "shallow": true,
        "type": "git",
        "url": "https://github.com/rust-lang/crates.io-index"
      }
    },
    "crates-nix": {
      "inputs": {
        "crates-io-index": "crates-io-index"
      },
      "locked": {
        "lastModified": 1763364255,
        "narHash": "sha256-uHP6YjKDWVaWqcmb/LOxEdZlkVWBvspXqx4+LC1zJsE=",
        "owner": "uttarayan21",
        "repo": "crates.nix",
        "rev": "13d09f3b04e31d2ab3cfbe47540cb425eaf9b750",
        "type": "github"
      },
      "original": {
        "owner": "uttarayan21",
        "repo": "crates.nix",
        "type": "github"
      }
    },
    "flake-utils": {
      "inputs": {
        "systems": "systems"
      },
      "locked": {
        "lastModified": 1731533236,
        "narHash": "sha256-l0KFg5HjrsfsO/JpG+r7fRrqm12kzFHyUHqHCVpMMbI=",
        "owner": "numtide",
        "repo": "flake-utils",
        "rev": "11707dc2f618dd54ca8739b309ec4fc024de578b",
        "type": "github"
      },
      "original": {
        "owner": "numtide",
        "repo": "flake-utils",
        "type": "github"
      }
    },
    "nix-github-actions": {
      "inputs": {
        "nixpkgs": [
          "nixpkgs"
        ]
      },
      "locked": {
        "lastModified": 1772695854,
        "narHash": "sha256-q0u3E1o369mkGD0rCO4Dk5DkscMU0QcsD0IXOEZWlU8=",
        "owner": "uttarayan21",
        "repo": "nix-github-actions",
        "rev": "ea18399aea9521b7632d98ab2a7d4706f6dd6358",
        "type": "github"
      },
      "original": {
        "owner": "uttarayan21",
        "repo": "nix-github-actions",
        "type": "github"
      }
    },
    "nixpkgs": {
      "locked": {
        "lastModified": 1772542754,
        "narHash": "sha256-WGV2hy+VIeQsYXpsLjdr4GvHv5eECMISX1zKLTedhdg=",
        "owner": "nixos",
        "repo": "nixpkgs",
        "rev": "8c809a146a140c5c8806f13399592dbcb1bb5dc4",
        "type": "github"
      },
      "original": {
        "owner": "nixos",
        "ref": "nixos-unstable",
        "repo": "nixpkgs",
        "type": "github"
      }
    },
    "root": {
      "inputs": {
        "advisory-db": "advisory-db",
        "crane": "crane",
        "crates-nix": "crates-nix",
        "flake-utils": "flake-utils",
        "nix-github-actions": "nix-github-actions",
        "nixpkgs": "nixpkgs",
        "rust-overlay": "rust-overlay"
      }
    },
    "rust-overlay": {
      "inputs": {
        "nixpkgs": [
          "nixpkgs"
        ]
      },
      "locked": {
        "lastModified": 1772679930,
        "narHash": "sha256-FxYmdacqrdDVeE9QqZKTIpNLjv2B8GSKssgwlZuTR98=",
        "owner": "oxalica",
        "repo": "rust-overlay",
        "rev": "9b741db17141331fdb26270a1b66b81be8be9edd",
        "type": "github"
      },
      "original": {
        "owner": "oxalica",
        "repo": "rust-overlay",
        "type": "github"
      }
    },
    "systems": {
      "locked": {
        "lastModified": 1681028828,
        "narHash": "sha256-Vy1rq5AaRuLzOxct8nz4T6wlgyUR7zLU309k9mBC768=",
        "owner": "nix-systems",
        "repo": "default",
        "rev": "da67096a3b9bf56a91d16901293e51ba5b49a27e",
        "type": "github"
      },
      "original": {
        "owner": "nix-systems",
        "repo": "default",
        "type": "github"
      }
    }
  },
  "root": "root",
  "version": 7
}
